
Microsoft Visual Studio Solution File, Format Version 12.00
# Visual Studio Version 17
VisualStudioVersion = 17.5.002.0
MinimumVisualStudioVersion = 10.0.40219.1
Project("{9A19103F-16F7-4668-BE54-9A1E7A4F7556}") = "readable-code", "readable-code.csproj", "{C3345947-782D-40EE-BA57-E1E1D49A9BAF}"
EndProject
Global
	GlobalSection(SolutionConfigurationPlatforms) = preSolution
		Debug|Any CPU = Debug|Any CPU
		Release|Any CPU = Release|Any CPU
	EndGlobalSection
	GlobalSection(ProjectConfigurationPlatforms) = postSolution
		{C3345947-782D-40EE-BA57-E1E1D49A9BAF}.Debug|Any CPU.ActiveCfg = Debug|Any CPU
		{C3345947-782D-40EE-BA57-E1E1D49A9BAF}.Debug|Any CPU.Build.0 = Debug|Any CPU
		{C3345947-782D-40EE-BA57-E1E1D49A9BAF}.Release|Any CPU.ActiveCfg = Release|Any CPU
		{C3345947-782D-40EE-BA57-E1E1D49A9BAF}.Release|Any CPU.Build.0 = Release|Any CPU
	EndGlobalSection
	GlobalSection(SolutionProperties) = preSolution
		HideSolutionNode = FALSE
	EndGlobalSection
	GlobalSection(ExtensibilityGlobals) = postSolution
		SolutionGuid = {55FEA416-8361-423C-9538-1C3E50A9517F}
	EndGlobalSection
EndGlobal
