
Microsoft Visual Studio Solution File, Format Version 12.00
# Visual Studio Version 17
VisualStudioVersion = 17.5.002.0
MinimumVisualStudioVersion = 10.0.40219.1
Project("{9A19103F-16F7-4668-BE54-9A1E7A4F7556}") = "ForLoop", "ForLoop.csproj", "{C42D03C1-78EE-42BF-8623-76BA162F7368}"
EndProject
Global
	GlobalSection(SolutionConfigurationPlatforms) = preSolution
		Debug|Any CPU = Debug|Any CPU
		Release|Any CPU = Release|Any CPU
	EndGlobalSection
	GlobalSection(ProjectConfigurationPlatforms) = postSolution
		{C42D03C1-78EE-42BF-8623-76BA162F7368}.Debug|Any CPU.ActiveCfg = Debug|Any CPU
		{C42D03C1-78EE-42BF-8623-76BA162F7368}.Debug|Any CPU.Build.0 = Debug|Any CPU
		{C42D03C1-78EE-42BF-8623-76BA162F7368}.Release|Any CPU.ActiveCfg = Release|Any CPU
		{C42D03C1-78EE-42BF-8623-76BA162F7368}.Release|Any CPU.Build.0 = Release|Any CPU
	EndGlobalSection
	GlobalSection(SolutionProperties) = preSolution
		HideSolutionNode = FALSE
	EndGlobalSection
	GlobalSection(ExtensibilityGlobals) = postSolution
		SolutionGuid = {BFE76728-980C-479D-AB9B-10494C0FA5FB}
	EndGlobalSection
EndGlobal
