
Microsoft Visual Studio Solution File, Format Version 12.00
# Visual Studio Version 17
VisualStudioVersion = 17.5.002.0
MinimumVisualStudioVersion = 10.0.40219.1
Project("{9A19103F-16F7-4668-BE54-9A1E7A4F7556}") = "ContosoPets", "ContosoPets.csproj", "{7C4BC002-A0F9-4C71-892B-DD43C5418D2D}"
EndProject
Global
	GlobalSection(SolutionConfigurationPlatforms) = preSolution
		Debug|Any CPU = Debug|Any CPU
		Release|Any CPU = Release|Any CPU
	EndGlobalSection
	GlobalSection(ProjectConfigurationPlatforms) = postSolution
		{7C4BC002-A0F9-4C71-892B-DD43C5418D2D}.Debug|Any CPU.ActiveCfg = Debug|Any CPU
		{7C4BC002-A0F9-4C71-892B-DD43C5418D2D}.Debug|Any CPU.Build.0 = Debug|Any CPU
		{7C4BC002-A0F9-4C71-892B-DD43C5418D2D}.Release|Any CPU.ActiveCfg = Release|Any CPU
		{7C4BC002-A0F9-4C71-892B-DD43C5418D2D}.Release|Any CPU.Build.0 = Release|Any CPU
	EndGlobalSection
	GlobalSection(SolutionProperties) = preSolution
		HideSolutionNode = FALSE
	EndGlobalSection
	GlobalSection(ExtensibilityGlobals) = postSolution
		SolutionGuid = {33BEB900-598A-4BAB-9E40-5B5B96168E9B}
	EndGlobalSection
EndGlobal
