
Microsoft Visual Studio Solution File, Format Version 12.00
# Visual Studio Version 17
VisualStudioVersion = 17.5.002.0
MinimumVisualStudioVersion = 10.0.40219.1
Project("{9A19103F-16F7-4668-BE54-9A1E7A4F7556}") = "evaluate-boolean", "evaluate-boolean.csproj", "{653DA732-6FD0-40C8-B71F-3FC025AEDE19}"
EndProject
Global
	GlobalSection(SolutionConfigurationPlatforms) = preSolution
		Debug|Any CPU = Debug|Any CPU
		Release|Any CPU = Release|Any CPU
	EndGlobalSection
	GlobalSection(ProjectConfigurationPlatforms) = postSolution
		{653DA732-6FD0-40C8-B71F-3FC025AEDE19}.Debug|Any CPU.ActiveCfg = Debug|Any CPU
		{653DA732-6FD0-40C8-B71F-3FC025AEDE19}.Debug|Any CPU.Build.0 = Debug|Any CPU
		{653DA732-6FD0-40C8-B71F-3FC025AEDE19}.Release|Any CPU.ActiveCfg = Release|Any CPU
		{653DA732-6FD0-40C8-B71F-3FC025AEDE19}.Release|Any CPU.Build.0 = Release|Any CPU
	EndGlobalSection
	GlobalSection(SolutionProperties) = preSolution
		HideSolutionNode = FALSE
	EndGlobalSection
	GlobalSection(ExtensibilityGlobals) = postSolution
		SolutionGuid = {49BEA8E5-DB47-4678-8744-CBE4D2C529FC}
	EndGlobalSection
EndGlobal
